
Microsoft Visual Studio Solution File, Format Version 12.00
# Visual Studio Version 16
VisualStudioVersion = 16.0.31702.278
MinimumVisualStudioVersion = 10.0.40219.1
Project("{9A19103F-16F7-4668-BE54-9A1E7A4F7556}") = "RiseAssessment", "RiseAssessment\RiseAssessment.csproj", "{BBAB1313-4F3F-4C6A-87C8-81F35D2E2F39}"
EndProject
Project("{FAE04EC0-301F-11D3-BF4B-00C04F79EFBC}") = "ContactMicroservice", "ContactMicroservice\ContactMicroservice.csproj", "{1327038D-E291-456A-8403-9A360307CC46}"
EndProject
Project("{FAE04EC0-301F-11D3-BF4B-00C04F79EFBC}") = "ContactMicroserviceUnitTest", "ContactMicroserviceUnitTest\ContactMicroserviceUnitTest.csproj", "{D0C63434-2E8C-47BF-9D40-5A8FCFC453FD}"
EndProject
Project("{9A19103F-16F7-4668-BE54-9A1E7A4F7556}") = "ReportMicroservice", "ReportMicroservice\ReportMicroservice.csproj", "{52AA5608-D240-461A-9988-BC5EE39AFCDF}"
EndProject
Project("{FAE04EC0-301F-11D3-BF4B-00C04F79EFBC}") = "ReportMicroserviceUnitTests", "ReportMicroserviceUnitTests\ReportMicroserviceUnitTests.csproj", "{66A5E177-3B0C-4702-ACA4-B4A63BC1B1B7}"

EndProject
Global
	GlobalSection(SolutionConfigurationPlatforms) = preSolution
		Debug|Any CPU = Debug|Any CPU
		Release|Any CPU = Release|Any CPU
	EndGlobalSection
	GlobalSection(ProjectConfigurationPlatforms) = postSolution
		{BBAB1313-4F3F-4C6A-87C8-81F35D2E2F39}.Debug|Any CPU.ActiveCfg = Debug|Any CPU
		{BBAB1313-4F3F-4C6A-87C8-81F35D2E2F39}.Debug|Any CPU.Build.0 = Debug|Any CPU
		{BBAB1313-4F3F-4C6A-87C8-81F35D2E2F39}.Release|Any CPU.ActiveCfg = Release|Any CPU
		{BBAB1313-4F3F-4C6A-87C8-81F35D2E2F39}.Release|Any CPU.Build.0 = Release|Any CPU
		{52AA5608-D240-461A-9988-BC5EE39AFCDF}.Debug|Any CPU.ActiveCfg = Debug|Any CPU
		{52AA5608-D240-461A-9988-BC5EE39AFCDF}.Debug|Any CPU.Build.0 = Debug|Any CPU
		{52AA5608-D240-461A-9988-BC5EE39AFCDF}.Release|Any CPU.ActiveCfg = Release|Any CPU
		{52AA5608-D240-461A-9988-BC5EE39AFCDF}.Release|Any CPU.Build.0 = Release|Any CPU
		{66A5E177-3B0C-4702-ACA4-B4A63BC1B1B7}.Debug|Any CPU.ActiveCfg = Debug|Any CPU
		{66A5E177-3B0C-4702-ACA4-B4A63BC1B1B7}.Debug|Any CPU.Build.0 = Debug|Any CPU
		{66A5E177-3B0C-4702-ACA4-B4A63BC1B1B7}.Release|Any CPU.ActiveCfg = Release|Any CPU
		{66A5E177-3B0C-4702-ACA4-B4A63BC1B1B7}.Release|Any CPU.Build.0 = Release|Any CPU

	EndGlobalSection
	GlobalSection(SolutionProperties) = preSolution
		HideSolutionNode = FALSE
	EndGlobalSection
	GlobalSection(ExtensibilityGlobals) = postSolution
		SolutionGuid = {0FA3D733-314E-48CE-838D-2A43841DADEA}
	EndGlobalSection
EndGlobal
